
Microsoft Visual Studio Solution File, Format Version 12.00
# Visual Studio Version 17
VisualStudioVersion = 17.0.32014.148
MinimumVisualStudioVersion = 10.0.40219.1
Project("{9A19103F-16F7-4668-BE54-9A1E7A4F7556}") = "JsonPatch", "JsonPatch\JsonPatch.csproj", "{496EFD30-61F9-4C98-A6D9-31AFA22C7BB1}"
EndProject
Project("{FAE04EC0-301F-11D3-BF4B-00C04F79EFBC}") = "JsonPatch.Tests", "JsonPatch.Tests\JsonPatch.Tests.csproj", "{3EFCD1E9-60C0-4E42-95B0-3D46A22B84FB}"
EndProject
Global
	GlobalSection(SolutionConfigurationPlatforms) = preSolution
		Debug|Any CPU = Debug|Any CPU
		Release|Any CPU = Release|Any CPU
	EndGlobalSection
	GlobalSection(ProjectConfigurationPlatforms) = postSolution
		{496EFD30-61F9-4C98-A6D9-31AFA22C7BB1}.Debug|Any CPU.ActiveCfg = Debug|Any CPU
		{496EFD30-61F9-4C98-A6D9-31AFA22C7BB1}.Debug|Any CPU.Build.0 = Debug|Any CPU
		{496EFD30-61F9-4C98-A6D9-31AFA22C7BB1}.Release|Any CPU.ActiveCfg = Release|Any CPU
		{496EFD30-61F9-4C98-A6D9-31AFA22C7BB1}.Release|Any CPU.Build.0 = Release|Any CPU
		{3EFCD1E9-60C0-4E42-95B0-3D46A22B84FB}.Debug|Any CPU.ActiveCfg = Debug|Any CPU
		{3EFCD1E9-60C0-4E42-95B0-3D46A22B84FB}.Debug|Any CPU.Build.0 = Debug|Any CPU
		{3EFCD1E9-60C0-4E42-95B0-3D46A22B84FB}.Release|Any CPU.ActiveCfg = Release|Any CPU
		{3EFCD1E9-60C0-4E42-95B0-3D46A22B84FB}.Release|Any CPU.Build.0 = Release|Any CPU
	EndGlobalSection
	GlobalSection(SolutionProperties) = preSolution
		HideSolutionNode = FALSE
	EndGlobalSection
	GlobalSection(ExtensibilityGlobals) = postSolution
		SolutionGuid = {CFF2B0F2-2472-4E30-91F3-66A5DA00B360}
	EndGlobalSection
EndGlobal
